
Microsoft Visual Studio Solution File, Format Version 12.00
# Visual Studio Version 17
VisualStudioVersion = 17.5.33530.505
MinimumVisualStudioVersion = 10.0.40219.1
Project("{9A19103F-16F7-4668-BE54-9A1E7A4F7556}") = "InventoryManagementApp.Application", "InventoryManagementApp.Application\InventoryManagementApp.Application.csproj", "{791F7963-4870-47C5-AAB6-9F1DF331CF8D}"
EndProject
Project("{9A19103F-16F7-4668-BE54-9A1E7A4F7556}") = "InventoryManagementApp.Domain", "InventoryManagementApp.Domain\InventoryManagementApp.Domain.csproj", "{1B79DF60-B089-4FC2-B9A0-2493D77B6CD5}"
EndProject
Project("{9A19103F-16F7-4668-BE54-9A1E7A4F7556}") = "InventoryManagementApp.Infrastructure", "InventoryManagementApp.Infrastructure\InventoryManagementApp.Infrastructure.csproj", "{65C10861-A611-4151-AC5C-606B822ED624}"
	ProjectSection(ProjectDependencies) = postProject
		{1B79DF60-B089-4FC2-B9A0-2493D77B6CD5} = {1B79DF60-B089-4FC2-B9A0-2493D77B6CD5}
	EndProjectSection
EndProject
Project("{9A19103F-16F7-4668-BE54-9A1E7A4F7556}") = "InventoryManagementApp.Presentation", "InventoryManagementApp.Presentation\InventoryManagementApp.Presentation.csproj", "{B75493E0-84D7-418A-BF82-F33E79DE7658}"
EndProject
Global
	GlobalSection(SolutionConfigurationPlatforms) = preSolution
		Debug|Any CPU = Debug|Any CPU
		Release|Any CPU = Release|Any CPU
	EndGlobalSection
	GlobalSection(ProjectConfigurationPlatforms) = postSolution
		{791F7963-4870-47C5-AAB6-9F1DF331CF8D}.Debug|Any CPU.ActiveCfg = Debug|Any CPU
		{791F7963-4870-47C5-AAB6-9F1DF331CF8D}.Debug|Any CPU.Build.0 = Debug|Any CPU
		{791F7963-4870-47C5-AAB6-9F1DF331CF8D}.Release|Any CPU.ActiveCfg = Release|Any CPU
		{791F7963-4870-47C5-AAB6-9F1DF331CF8D}.Release|Any CPU.Build.0 = Release|Any CPU
		{1B79DF60-B089-4FC2-B9A0-2493D77B6CD5}.Debug|Any CPU.ActiveCfg = Debug|Any CPU
		{1B79DF60-B089-4FC2-B9A0-2493D77B6CD5}.Debug|Any CPU.Build.0 = Debug|Any CPU
		{1B79DF60-B089-4FC2-B9A0-2493D77B6CD5}.Release|Any CPU.ActiveCfg = Release|Any CPU
		{1B79DF60-B089-4FC2-B9A0-2493D77B6CD5}.Release|Any CPU.Build.0 = Release|Any CPU
		{65C10861-A611-4151-AC5C-606B822ED624}.Debug|Any CPU.ActiveCfg = Debug|Any CPU
		{65C10861-A611-4151-AC5C-606B822ED624}.Debug|Any CPU.Build.0 = Debug|Any CPU
		{65C10861-A611-4151-AC5C-606B822ED624}.Release|Any CPU.ActiveCfg = Release|Any CPU
		{65C10861-A611-4151-AC5C-606B822ED624}.Release|Any CPU.Build.0 = Release|Any CPU
		{B75493E0-84D7-418A-BF82-F33E79DE7658}.Debug|Any CPU.ActiveCfg = Debug|Any CPU
		{B75493E0-84D7-418A-BF82-F33E79DE7658}.Debug|Any CPU.Build.0 = Debug|Any CPU
		{B75493E0-84D7-418A-BF82-F33E79DE7658}.Release|Any CPU.ActiveCfg = Release|Any CPU
		{B75493E0-84D7-418A-BF82-F33E79DE7658}.Release|Any CPU.Build.0 = Release|Any CPU
	EndGlobalSection
	GlobalSection(SolutionProperties) = preSolution
		HideSolutionNode = FALSE
	EndGlobalSection
	GlobalSection(ExtensibilityGlobals) = postSolution
		SolutionGuid = {9CB5FDB3-7DE8-491A-92B5-4EC2BFE1EAB3}
	EndGlobalSection
EndGlobal
